
Microsoft Visual Studio Solution File, Format Version 12.00
# Visual Studio Version 17
VisualStudioVersion = 17.7.34003.232
MinimumVisualStudioVersion = 10.0.40219.1
Project("{FAE04EC0-301F-11D3-BF4B-00C04F79EFBC}") = "Inheritance_BarnettLandon", "Inheritance_BarnettLandon\Inheritance_BarnettLandon.csproj", "{D0A48CED-F768-4D45-8119-D8AB328AA043}"
EndProject
Global
	GlobalSection(SolutionConfigurationPlatforms) = preSolution
		Debug|Any CPU = Debug|Any CPU
		Release|Any CPU = Release|Any CPU
	EndGlobalSection
	GlobalSection(ProjectConfigurationPlatforms) = postSolution
		{D0A48CED-F768-4D45-8119-D8AB328AA043}.Debug|Any CPU.ActiveCfg = Debug|Any CPU
		{D0A48CED-F768-4D45-8119-D8AB328AA043}.Debug|Any CPU.Build.0 = Debug|Any CPU
		{D0A48CED-F768-4D45-8119-D8AB328AA043}.Release|Any CPU.ActiveCfg = Release|Any CPU
		{D0A48CED-F768-4D45-8119-D8AB328AA043}.Release|Any CPU.Build.0 = Release|Any CPU
	EndGlobalSection
	GlobalSection(SolutionProperties) = preSolution
		HideSolutionNode = FALSE
	EndGlobalSection
	GlobalSection(ExtensibilityGlobals) = postSolution
		SolutionGuid = {1444F6F4-871A-4345-B71E-D8A00E605D33}
	EndGlobalSection
EndGlobal
